
Microsoft Visual Studio Solution File, Format Version 12.00
# Visual Studio Version 16
VisualStudioVersion = 16.0.30002.166
MinimumVisualStudioVersion = 10.0.40219.1
Project("{9A19103F-16F7-4668-BE54-9A1E7A4F7556}") = "ProceedToBuy", "ProceedToBuy.csproj", "{99B193D6-E56C-4781-A8BE-1F577E1A72ED}"
EndProject
Project("{FAE04EC0-301F-11D3-BF4B-00C04F79EFBC}") = "NUnitTestProject1", "..\NUnitTestProject1\NUnitTestProject1.csproj", "{936BAB9B-6A73-4F58-9260-C33070DDA8D3}"
EndProject
Global
	GlobalSection(SolutionConfigurationPlatforms) = preSolution
		Debug|Any CPU = Debug|Any CPU
		Release|Any CPU = Release|Any CPU
	EndGlobalSection
	GlobalSection(ProjectConfigurationPlatforms) = postSolution
		{99B193D6-E56C-4781-A8BE-1F577E1A72ED}.Debug|Any CPU.ActiveCfg = Debug|Any CPU
		{99B193D6-E56C-4781-A8BE-1F577E1A72ED}.Debug|Any CPU.Build.0 = Debug|Any CPU
		{99B193D6-E56C-4781-A8BE-1F577E1A72ED}.Release|Any CPU.ActiveCfg = Release|Any CPU
		{99B193D6-E56C-4781-A8BE-1F577E1A72ED}.Release|Any CPU.Build.0 = Release|Any CPU
		{936BAB9B-6A73-4F58-9260-C33070DDA8D3}.Debug|Any CPU.ActiveCfg = Debug|Any CPU
		{936BAB9B-6A73-4F58-9260-C33070DDA8D3}.Debug|Any CPU.Build.0 = Debug|Any CPU
		{936BAB9B-6A73-4F58-9260-C33070DDA8D3}.Release|Any CPU.ActiveCfg = Release|Any CPU
		{936BAB9B-6A73-4F58-9260-C33070DDA8D3}.Release|Any CPU.Build.0 = Release|Any CPU
	EndGlobalSection
	GlobalSection(SolutionProperties) = preSolution
		HideSolutionNode = FALSE
	EndGlobalSection
	GlobalSection(ExtensibilityGlobals) = postSolution
		SolutionGuid = {6E6A635B-5396-4088-82DB-237A1E83CE69}
	EndGlobalSection
EndGlobal
